// !$*UTF8*$!
{
	archiveVersion = 1;
	classes = {
	};
	objectVersion = 50;
	objects = {

/* Begin PBXBuildFile section */
		6B68FDFE261F4E0600FAACA0 /* MarvelUIApp.swift in Sources */ = {isa = PBXBuildFile; fileRef = 6B68FDFD261F4E0600FAACA0 /* MarvelUIApp.swift */; };
		6B68FE00261F4E0600FAACA0 /* ContentView.swift in Sources */ = {isa = PBXBuildFile; fileRef = 6B68FDFF261F4E0600FAACA0 /* ContentView.swift */; };
		6B68FE02261F4E0800FAACA0 /* Assets.xcassets in Resources */ = {isa = PBXBuildFile; fileRef = 6B68FE01261F4E0800FAACA0 /* Assets.xcassets */; };
		6B68FE05261F4E0800FAACA0 /* Preview Assets.xcassets in Resources */ = {isa = PBXBuildFile; fileRef = 6B68FE04261F4E0800FAACA0 /* Preview Assets.xcassets */; };
		6B68FE10261F4E0900FAACA0 /* MarvelUITests.swift in Sources */ = {isa = PBXBuildFile; fileRef = 6B68FE0F261F4E0900FAACA0 /* MarvelUITests.swift */; };
		6B68FE1B261F4E0900FAACA0 /* MarvelUIUITests.swift in Sources */ = {isa = PBXBuildFile; fileRef = 6B68FE1A261F4E0900FAACA0 /* MarvelUIUITests.swift */; };
/* End PBXBuildFile section */

/* Begin PBXContainerItemProxy section */
		6B68FE0C261F4E0900FAACA0 /* PBXContainerItemProxy */ = {
			isa = PBXContainerItemProxy;
			containerPortal = 6B68FDF2261F4E0600FAACA0 /* Project object */;
			proxyType = 1;
			remoteGlobalIDString = 6B68FDF9261F4E0600FAACA0;
			remoteInfo = MarvelUI;
		};
		6B68FE17261F4E0900FAACA0 /* PBXContainerItemProxy */ = {
			isa = PBXContainerItemProxy;
			containerPortal = 6B68FDF2261F4E0600FAACA0 /* Project object */;
			proxyType = 1;
			remoteGlobalIDString = 6B68FDF9261F4E0600FAACA0;
			remoteInfo = MarvelUI;
		};
/* End PBXContainerItemProxy section */

/* Begin PBXFileReference section */
		6B68FDFA261F4E0600FAACA0 /* MarvelUI.app */ = {isa = PBXFileReference; explicitFileType = wrapper.application; includeInIndex = 0; path = MarvelUI.app; sourceTree = BUILT_PRODUCTS_DIR; };
		6B68FDFD261F4E0600FAACA0 /* MarvelUIApp.swift */ = {isa = PBXFileReference; lastKnownFileType = sourcecode.swift; path = MarvelUIApp.swift; sourceTree = "<group>"; };
		6B68FDFF261F4E0600FAACA0 /* ContentView.swift */ = {isa = PBXFileReference; lastKnownFileType = sourcecode.swift; path = ContentView.swift; sourceTree = "<group>"; };
		6B68FE01261F4E0800FAACA0 /* Assets.xcassets */ = {isa = PBXFileReference; lastKnownFileType = folder.assetcatalog; path = Assets.xcassets; sourceTree = "<group>"; };
		6B68FE04261F4E0800FAACA0 /* Preview Assets.xcassets */ = {isa = PBXFileReference; lastKnownFileType = folder.assetcatalog; path = "Preview Assets.xcassets"; sourceTree = "<group>"; };
		6B68FE06261F4E0800FAACA0 /* Info.plist */ = {isa = PBXFileReference; lastKnownFileType = text.plist.xml; path = Info.plist; sourceTree = "<group>"; };
		6B68FE0B261F4E0900FAACA0 /* MarvelUITests.xctest */ = {isa = PBXFileReference; explicitFileType = wrapper.cfbundle; includeInIndex = 0; path = MarvelUITests.xctest; sourceTree = BUILT_PRODUCTS_DIR; };
		6B68FE0F261F4E0900FAACA0 /* MarvelUITests.swift */ = {isa = PBXFileReference; lastKnownFileType = sourcecode.swift; path = MarvelUITests.swift; sourceTree = "<group>"; };
		6B68FE11261F4E0900FAACA0 /* Info.plist */ = {isa = PBXFileReference; lastKnownFileType = text.plist.xml; path = Info.plist; sourceTree = "<group>"; };
		6B68FE16261F4E0900FAACA0 /* MarvelUIUITests.xctest */ = {isa = PBXFileReference; explicitFileType = wrapper.cfbundle; includeInIndex = 0; path = MarvelUIUITests.xctest; sourceTree = BUILT_PRODUCTS_DIR; };
		6B68FE1A261F4E0900FAACA0 /* MarvelUIUITests.swift */ = {isa = PBXFileReference; lastKnownFileType = sourcecode.swift; path = MarvelUIUITests.swift; sourceTree = "<group>"; };
		6B68FE1C261F4E0900FAACA0 /* Info.plist */ = {isa = PBXFileReference; lastKnownFileType = text.plist.xml; path = Info.plist; sourceTree = "<group>"; };
/* End PBXFileReference section */

/* Begin PBXFrameworksBuildPhase section */
		6B68FDF7261F4E0600FAACA0 /* Frameworks */ = {
			isa = PBXFrameworksBuildPhase;
			buildActionMask = 2147483647;
			files = (
			);
			runOnlyForDeploymentPostprocessing = 0;
		};
		6B68FE08261F4E0900FAACA0 /* Frameworks */ = {
			isa = PBXFrameworksBuildPhase;
			buildActionMask = 2147483647;
			files = (
			);
			runOnlyForDeploymentPostprocessing = 0;
		};
		6B68FE13261F4E0900FAACA0 /* Frameworks */ = {
			isa = PBXFrameworksBuildPhase;
			buildActionMask = 2147483647;
			files = (
			);
			runOnlyForDeploymentPostprocessing = 0;
		};
/* End PBXFrameworksBuildPhase section */

/* Begin PBXGroup section */
		6B68FDF1261F4E0600FAACA0 = {
			isa = PBXGroup;
			children = (
				6B68FDFC261F4E0600FAACA0 /* MarvelUI */,
				6B68FE0E261F4E0900FAACA0 /* MarvelUITests */,
				6B68FE19261F4E0900FAACA0 /* MarvelUIUITests */,
				6B68FDFB261F4E0600FAACA0 /* Products */,
			);
			sourceTree = "<group>";
		};
		6B68FDFB261F4E0600FAACA0 /* Products */ = {
			isa = PBXGroup;
			children = (
				6B68FDFA261F4E0600FAACA0 /* MarvelUI.app */,
				6B68FE0B261F4E0900FAACA0 /* MarvelUITests.xctest */,
				6B68FE16261F4E0900FAACA0 /* MarvelUIUITests.xctest */,
			);
			name = Products;
			sourceTree = "<group>";
		};
		6B68FDFC261F4E0600FAACA0 /* MarvelUI */ = {
			isa = PBXGroup;
			children = (
				6B68FDFD261F4E0600FAACA0 /* MarvelUIApp.swift */,
				6B68FDFF261F4E0600FAACA0 /* ContentView.swift */,
				6B68FE01261F4E0800FAACA0 /* Assets.xcassets */,
				6B68FE06261F4E0800FAACA0 /* Info.plist */,
				6B68FE03261F4E0800FAACA0 /* Preview Content */,
			);
			path = MarvelUI;
			sourceTree = "<group>";
		};
		6B68FE03261F4E0800FAACA0 /* Preview Content */ = {
			isa = PBXGroup;
			children = (
				6B68FE04261F4E0800FAACA0 /* Preview Assets.xcassets */,
			);
			path = "Preview Content";
			sourceTree = "<group>";
		};
		6B68FE0E261F4E0900FAACA0 /* MarvelUITests */ = {
			isa = PBXGroup;
			children = (
				6B68FE0F261F4E0900FAACA0 /* MarvelUITests.swift */,
				6B68FE11261F4E0900FAACA0 /* Info.plist */,
			);
			path = MarvelUITests;
			sourceTree = "<group>";
		};
		6B68FE19261F4E0900FAACA0 /* MarvelUIUITests */ = {
			isa = PBXGroup;
			children = (
				6B68FE1A261F4E0900FAACA0 /* MarvelUIUITests.swift */,
				6B68FE1C261F4E0900FAACA0 /* Info.plist */,
			);
			path = MarvelUIUITests;
			sourceTree = "<group>";
		};
/* End PBXGroup section */

/* Begin PBXNativeTarget section */
		6B68FDF9261F4E0600FAACA0 /* MarvelUI */ = {
			isa = PBXNativeTarget;
			buildConfigurationList = 6B68FE1F261F4E0900FAACA0 /* Build configuration list for PBXNativeTarget "MarvelUI" */;
			buildPhases = (
				6B68FDF6261F4E0600FAACA0 /* Sources */,
				6B68FDF7261F4E0600FAACA0 /* Frameworks */,
				6B68FDF8261F4E0600FAACA0 /* Resources */,
			);
			buildRules = (
			);
			dependencies = (
			);
			name = MarvelUI;
			productName = MarvelUI;
			productReference = 6B68FDFA261F4E0600FAACA0 /* MarvelUI.app */;
			productType = "com.apple.product-type.application";
		};
		6B68FE0A261F4E0900FAACA0 /* MarvelUITests */ = {
			isa = PBXNativeTarget;
			buildConfigurationList = 6B68FE22261F4E0900FAACA0 /* Build configuration list for PBXNativeTarget "MarvelUITests" */;
			buildPhases = (
				6B68FE07261F4E0900FAACA0 /* Sources */,
				6B68FE08261F4E0900FAACA0 /* Frameworks */,
				6B68FE09261F4E0900FAACA0 /* Resources */,
			);
			buildRules = (
			);
			dependencies = (
				6B68FE0D261F4E0900FAACA0 /* PBXTargetDependency */,
			);
			name = MarvelUITests;
			productName = MarvelUITests;
			productReference = 6B68FE0B261F4E0900FAACA0 /* MarvelUITests.xctest */;
			productType = "com.apple.product-type.bundle.unit-test";
		};
		6B68FE15261F4E0900FAACA0 /* MarvelUIUITests */ = {
			isa = PBXNativeTarget;
			buildConfigurationList = 6B68FE25261F4E0900FAACA0 /* Build configuration list for PBXNativeTarget "MarvelUIUITests" */;
			buildPhases = (
				6B68FE12261F4E0900FAACA0 /* Sources */,
				6B68FE13261F4E0900FAACA0 /* Frameworks */,
				6B68FE14261F4E0900FAACA0 /* Resources */,
			);
			buildRules = (
			);
			dependencies = (
				6B68FE18261F4E0900FAACA0 /* PBXTargetDependency */,
			);
			name = MarvelUIUITests;
			productName = MarvelUIUITests;
			productReference = 6B68FE16261F4E0900FAACA0 /* MarvelUIUITests.xctest */;
			productType = "com.apple.product-type.bundle.ui-testing";
		};
/* End PBXNativeTarget section */

/* Begin PBXProject section */
		6B68FDF2261F4E0600FAACA0 /* Project object */ = {
			isa = PBXProject;
			attributes = {
				LastSwiftUpdateCheck = 1240;
				LastUpgradeCheck = 1240;
				TargetAttributes = {
					6B68FDF9261F4E0600FAACA0 = {
						CreatedOnToolsVersion = 12.4;
					};
					6B68FE0A261F4E0900FAACA0 = {
						CreatedOnToolsVersion = 12.4;
						TestTargetID = 6B68FDF9261F4E0600FAACA0;
					};
					6B68FE15261F4E0900FAACA0 = {
						CreatedOnToolsVersion = 12.4;
						TestTargetID = 6B68FDF9261F4E0600FAACA0;
					};
				};
			};
			buildConfigurationList = 6B68FDF5261F4E0600FAACA0 /* Build configuration list for PBXProject "MarvelUI" */;
			compatibilityVersion = "Xcode 9.3";
			developmentRegion = en;
			hasScannedForEncodings = 0;
			knownRegions = (
				en,
				Base,
			);
			mainGroup = 6B68FDF1261F4E0600FAACA0;
			productRefGroup = 6B68FDFB261F4E0600FAACA0 /* Products */;
			projectDirPath = "";
			projectRoot = "";
			targets = (
				6B68FDF9261F4E0600FAACA0 /* MarvelUI */,
				6B68FE0A261F4E0900FAACA0 /* MarvelUITests */,
				6B68FE15261F4E0900FAACA0 /* MarvelUIUITests */,
			);
		};
/* End PBXProject section */

/* Begin PBXResourcesBuildPhase section */
		6B68FDF8261F4E0600FAACA0 /* Resources */ = {
			isa = PBXResourcesBuildPhase;
			buildActionMask = 2147483647;
			files = (
				6B68FE05261F4E0800FAACA0 /* Preview Assets.xcassets in Resources */,
				6B68FE02261F4E0800FAACA0 /* Assets.xcassets in Resources */,
			);
			runOnlyForDeploymentPostprocessing = 0;
		};
		6B68FE09261F4E0900FAACA0 /* Resources */ = {
			isa = PBXResourcesBuildPhase;
			buildActionMask = 2147483647;
			files = (
			);
			runOnlyForDeploymentPostprocessing = 0;
		};
		6B68FE14261F4E0900FAACA0 /* Resources */ = {
			isa = PBXResourcesBuildPhase;
			buildActionMask = 2147483647;
			files = (
			);
			runOnlyForDeploymentPostprocessing = 0;
		};
/* End PBXResourcesBuildPhase section */

/* Begin PBXSourcesBuildPhase section */
		6B68FDF6261F4E0600FAACA0 /* Sources */ = {
			isa = PBXSourcesBuildPhase;
			buildActionMask = 2147483647;
			files = (
				6B68FE00261F4E0600FAACA0 /* ContentView.swift in Sources */,
				6B68FDFE261F4E0600FAACA0 /* MarvelUIApp.swift in Sources */,
			);
			runOnlyForDeploymentPostprocessing = 0;
		};
		6B68FE07261F4E0900FAACA0 /* Sources */ = {
			isa = PBXSourcesBuildPhase;
			buildActionMask = 2147483647;
			files = (
				6B68FE10261F4E0900FAACA0 /* MarvelUITests.swift in Sources */,
			);
			runOnlyForDeploymentPostprocessing = 0;
		};
		6B68FE12261F4E0900FAACA0 /* Sources */ = {
			isa = PBXSourcesBuildPhase;
			buildActionMask = 2147483647;
			files = (
				6B68FE1B261F4E0900FAACA0 /* MarvelUIUITests.swift in Sources */,
			);
			runOnlyForDeploymentPostprocessing = 0;
		};
/* End PBXSourcesBuildPhase section */

/* Begin PBXTargetDependency section */
		6B68FE0D261F4E0900FAACA0 /* PBXTargetDependency */ = {
			isa = PBXTargetDependency;
			target = 6B68FDF9261F4E0600FAACA0 /* MarvelUI */;
			targetProxy = 6B68FE0C261F4E0900FAACA0 /* PBXContainerItemProxy */;
		};
		6B68FE18261F4E0900FAACA0 /* PBXTargetDependency */ = {
			isa = PBXTargetDependency;
			target = 6B68FDF9261F4E0600FAACA0 /* MarvelUI */;
			targetProxy = 6B68FE17261F4E0900FAACA0 /* PBXContainerItemProxy */;
		};
/* End PBXTargetDependency section */

/* Begin XCBuildConfiguration section */
		6B68FE1D261F4E0900FAACA0 /* Debug */ = {
			isa = XCBuildConfiguration;
			buildSettings = {
				ALWAYS_SEARCH_USER_PATHS = NO;
				CLANG_ANALYZER_NONNULL = YES;
				CLANG_ANALYZER_NUMBER_OBJECT_CONVERSION = YES_AGGRESSIVE;
				CLANG_CXX_LANGUAGE_STANDARD = "gnu++14";
				CLANG_CXX_LIBRARY = "libc++";
				CLANG_ENABLE_MODULES = YES;
				CLANG_ENABLE_OBJC_ARC = YES;
				CLANG_ENABLE_OBJC_WEAK = YES;
				CLANG_WARN_BLOCK_CAPTURE_AUTORELEASING = YES;
				CLANG_WARN_BOOL_CONVERSION = YES;
				CLANG_WARN_COMMA = YES;
				CLANG_WARN_CONSTANT_CONVERSION = YES;
				CLANG_WARN_DEPRECATED_OBJC_IMPLEMENTATIONS = YES;
				CLANG_WARN_DIRECT_OBJC_ISA_USAGE = YES_ERROR;
				CLANG_WARN_DOCUMENTATION_COMMENTS = YES;
				CLANG_WARN_EMPTY_BODY = YES;
				CLANG_WARN_ENUM_CONVERSION = YES;
				CLANG_WARN_INFINITE_RECURSION = YES;
				CLANG_WARN_INT_CONVERSION = YES;
				CLANG_WARN_NON_LITERAL_NULL_CONVERSION = YES;
				CLANG_WARN_OBJC_IMPLICIT_RETAIN_SELF = YES;
				CLANG_WARN_OBJC_LITERAL_CONVERSION = YES;
				CLANG_WARN_OBJC_ROOT_CLASS = YES_ERROR;
				CLANG_WARN_QUOTED_INCLUDE_IN_FRAMEWORK_HEADER = YES;
				CLANG_WARN_RANGE_LOOP_ANALYSIS = YES;
				CLANG_WARN_STRICT_PROTOTYPES = YES;
				CLANG_WARN_SUSPICIOUS_MOVE = YES;
				CLANG_WARN_UNGUARDED_AVAILABILITY = YES_AGGRESSIVE;
				CLANG_WARN_UNREACHABLE_CODE = YES;
				CLANG_WARN__DUPLICATE_METHOD_MATCH = YES;
				COPY_PHASE_STRIP = NO;
				DEBUG_INFORMATION_FORMAT = dwarf;
				ENABLE_STRICT_OBJC_MSGSEND = YES;
				ENABLE_TESTABILITY = YES;
				GCC_C_LANGUAGE_STANDARD = gnu11;
				GCC_DYNAMIC_NO_PIC = NO;
				GCC_NO_COMMON_BLOCKS = YES;
				GCC_OPTIMIZATION_LEVEL = 0;
				GCC_PREPROCESSOR_DEFINITIONS = (
					"DEBUG=1",
					"$(inherited)",
				);
				GCC_WARN_64_TO_32_BIT_CONVERSION = YES;
				GCC_WARN_ABOUT_RETURN_TYPE = YES_ERROR;
				GCC_WARN_UNDECLARED_SELECTOR = YES;
				GCC_WARN_UNINITIALIZED_AUTOS = YES_AGGRESSIVE;
				GCC_WARN_UNUSED_FUNCTION = YES;
				GCC_WARN_UNUSED_VARIABLE = YES;
				IPHONEOS_DEPLOYMENT_TARGET = 14.4;
				MTL_ENABLE_DEBUG_INFO = INCLUDE_SOURCE;
				MTL_FAST_MATH = YES;
				ONLY_ACTIVE_ARCH = YES;
				SDKROOT = iphoneos;
				SWIFT_ACTIVE_COMPILATION_CONDITIONS = DEBUG;
				SWIFT_OPTIMIZATION_LEVEL = "-Onone";
			};
			name = Debug;
		};
		6B68FE1E261F4E0900FAACA0 /* Release */ = {
			isa = XCBuildConfiguration;
			buildSettings = {
				ALWAYS_SEARCH_USER_PATHS = NO;
				CLANG_ANALYZER_NONNULL = YES;
				CLANG_ANALYZER_NUMBER_OBJECT_CONVERSION = YES_AGGRESSIVE;
				CLANG_CXX_LANGUAGE_STANDARD = "gnu++14";
				CLANG_CXX_LIBRARY = "libc++";
				CLANG_ENABLE_MODULES = YES;
				CLANG_ENABLE_OBJC_ARC = YES;
				CLANG_ENABLE_OBJC_WEAK = YES;
				CLANG_WARN_BLOCK_CAPTURE_AUTORELEASING = YES;
				CLANG_WARN_BOOL_CONVERSION = YES;
				CLANG_WARN_COMMA = YES;
				CLANG_WARN_CONSTANT_CONVERSION = YES;
				CLANG_WARN_DEPRECATED_OBJC_IMPLEMENTATIONS = YES;
				CLANG_WARN_DIRECT_OBJC_ISA_USAGE = YES_ERROR;
				CLANG_WARN_DOCUMENTATION_COMMENTS = YES;
				CLANG_WARN_EMPTY_BODY = YES;
				CLANG_WARN_ENUM_CONVERSION = YES;
				CLANG_WARN_INFINITE_RECURSION = YES;
				CLANG_WARN_INT_CONVERSION = YES;
				CLANG_WARN_NON_LITERAL_NULL_CONVERSION = YES;
				CLANG_WARN_OBJC_IMPLICIT_RETAIN_SELF = YES;
				CLANG_WARN_OBJC_LITERAL_CONVERSION = YES;
				CLANG_WARN_OBJC_ROOT_CLASS = YES_ERROR;
				CLANG_WARN_QUOTED_INCLUDE_IN_FRAMEWORK_HEADER = YES;
				CLANG_WARN_RANGE_LOOP_ANALYSIS = YES;
				CLANG_WARN_STRICT_PROTOTYPES = YES;
				CLANG_WARN_SUSPICIOUS_MOVE = YES;
				CLANG_WARN_UNGUARDED_AVAILABILITY = YES_AGGRESSIVE;
				CLANG_WARN_UNREACHABLE_CODE = YES;
				CLANG_WARN__DUPLICATE_METHOD_MATCH = YES;
				COPY_PHASE_STRIP = NO;
				DEBUG_INFORMATION_FORMAT = "dwarf-with-dsym";
				ENABLE_NS_ASSERTIONS = NO;
				ENABLE_STRICT_OBJC_MSGSEND = YES;
				GCC_C_LANGUAGE_STANDARD = gnu11;
				GCC_NO_COMMON_BLOCKS = YES;
				GCC_WARN_64_TO_32_BIT_CONVERSION = YES;
				GCC_WARN_ABOUT_RETURN_TYPE = YES_ERROR;
				GCC_WARN_UNDECLARED_SELECTOR = YES;
				GCC_WARN_UNINITIALIZED_AUTOS = YES_AGGRESSIVE;
				GCC_WARN_UNUSED_FUNCTION = YES;
				GCC_WARN_UNUSED_VARIABLE = YES;
				IPHONEOS_DEPLOYMENT_TARGET = 14.4;
				MTL_ENABLE_DEBUG_INFO = NO;
				MTL_FAST_MATH = YES;
				SDKROOT = iphoneos;
				SWIFT_COMPILATION_MODE = wholemodule;
				SWIFT_OPTIMIZATION_LEVEL = "-O";
				VALIDATE_PRODUCT = YES;
			};
			name = Release;
		};
		6B68FE20261F4E0900FAACA0 /* Debug */ = {
			isa = XCBuildConfiguration;
			buildSettings = {
				ASSETCATALOG_COMPILER_APPICON_NAME = AppIcon;
				ASSETCATALOG_COMPILER_GLOBAL_ACCENT_COLOR_NAME = AccentColor;
				CODE_SIGN_STYLE = Automatic;
				DEVELOPMENT_ASSET_PATHS = "\"MarvelUI/Preview Content\"";
				DEVELOPMENT_TEAM = 8WQ4RZ3NX3;
				ENABLE_PREVIEWS = YES;
				INFOPLIST_FILE = MarvelUI/Info.plist;
				IPHONEOS_DEPLOYMENT_TARGET = 14.0;
				LD_RUNPATH_SEARCH_PATHS = (
					"$(inherited)",
					"@executable_path/Frameworks",
				);
				PRODUCT_BUNDLE_IDENTIFIER = com.pcalcagnino.MarvelUI;
				PRODUCT_NAME = "$(TARGET_NAME)";
				SWIFT_VERSION = 5.0;
				TARGETED_DEVICE_FAMILY = "1,2";
			};
			name = Debug;
		};
		6B68FE21261F4E0900FAACA0 /* Release */ = {
			isa = XCBuildConfiguration;
			buildSettings = {
				ASSETCATALOG_COMPILER_APPICON_NAME = AppIcon;
				ASSETCATALOG_COMPILER_GLOBAL_ACCENT_COLOR_NAME = AccentColor;
				CODE_SIGN_STYLE = Automatic;
				DEVELOPMENT_ASSET_PATHS = "\"MarvelUI/Preview Content\"";
				DEVELOPMENT_TEAM = 8WQ4RZ3NX3;
				ENABLE_PREVIEWS = YES;
				INFOPLIST_FILE = MarvelUI/Info.plist;
				IPHONEOS_DEPLOYMENT_TARGET = 14.0;
				LD_RUNPATH_SEARCH_PATHS = (
					"$(inherited)",
					"@executable_path/Frameworks",
				);
				PRODUCT_BUNDLE_IDENTIFIER = com.pcalcagnino.MarvelUI;
				PRODUCT_NAME = "$(TARGET_NAME)";
				SWIFT_VERSION = 5.0;
				TARGETED_DEVICE_FAMILY = "1,2";
			};
			name = Release;
		};
		6B68FE23261F4E0900FAACA0 /* Debug */ = {
			isa = XCBuildConfiguration;
			buildSettings = {
				ALWAYS_EMBED_SWIFT_STANDARD_LIBRARIES = YES;
				BUNDLE_LOADER = "$(TEST_HOST)";
				CODE_SIGN_STYLE = Automatic;
				DEVELOPMENT_TEAM = 8WQ4RZ3NX3;
				INFOPLIST_FILE = MarvelUITests/Info.plist;
				IPHONEOS_DEPLOYMENT_TARGET = 14.0;
				LD_RUNPATH_SEARCH_PATHS = (
					"$(inherited)",
					"@executable_path/Frameworks",
					"@loader_path/Frameworks",
				);
				PRODUCT_BUNDLE_IDENTIFIER = com.pcalcagnino.MarvelUITests;
				PRODUCT_NAME = "$(TARGET_NAME)";
				SWIFT_VERSION = 5.0;
				TARGETED_DEVICE_FAMILY = "1,2";
				TEST_HOST = "$(BUILT_PRODUCTS_DIR)/MarvelUI.app/MarvelUI";
			};
			name = Debug;
		};
		6B68FE24261F4E0900FAACA0 /* Release */ = {
			isa = XCBuildConfiguration;
			buildSettings = {
				ALWAYS_EMBED_SWIFT_STANDARD_LIBRARIES = YES;
				BUNDLE_LOADER = "$(TEST_HOST)";
				CODE_SIGN_STYLE = Automatic;
				DEVELOPMENT_TEAM = 8WQ4RZ3NX3;
				INFOPLIST_FILE = MarvelUITests/Info.plist;
				IPHONEOS_DEPLOYMENT_TARGET = 14.0;
				LD_RUNPATH_SEARCH_PATHS = (
					"$(inherited)",
					"@executable_path/Frameworks",
					"@loader_path/Frameworks",
				);
				PRODUCT_BUNDLE_IDENTIFIER = com.pcalcagnino.MarvelUITests;
				PRODUCT_NAME = "$(TARGET_NAME)";
				SWIFT_VERSION = 5.0;
				TARGETED_DEVICE_FAMILY = "1,2";
				TEST_HOST = "$(BUILT_PRODUCTS_DIR)/MarvelUI.app/MarvelUI";
			};
			name = Release;
		};
		6B68FE26261F4E0900FAACA0 /* Debug */ = {
			isa = XCBuildConfiguration;
			buildSettings = {
				ALWAYS_EMBED_SWIFT_STANDARD_LIBRARIES = YES;
				CODE_SIGN_STYLE = Automatic;
				DEVELOPMENT_TEAM = 8WQ4RZ3NX3;
				INFOPLIST_FILE = MarvelUIUITests/Info.plist;
				LD_RUNPATH_SEARCH_PATHS = (
					"$(inherited)",
					"@executable_path/Frameworks",
					"@loader_path/Frameworks",
				);
				PRODUCT_BUNDLE_IDENTIFIER = com.pcalcagnino.MarvelUIUITests;
				PRODUCT_NAME = "$(TARGET_NAME)";
				SWIFT_VERSION = 5.0;
				TARGETED_DEVICE_FAMILY = "1,2";
				TEST_TARGET_NAME = MarvelUI;
			};
			name = Debug;
		};
		6B68FE27261F4E0900FAACA0 /* Release */ = {
			isa = XCBuildConfiguration;
			buildSettings = {
				ALWAYS_EMBED_SWIFT_STANDARD_LIBRARIES = YES;
				CODE_SIGN_STYLE = Automatic;
				DEVELOPMENT_TEAM = 8WQ4RZ3NX3;
				INFOPLIST_FILE = MarvelUIUITests/Info.plist;
				LD_RUNPATH_SEARCH_PATHS = (
					"$(inherited)",
					"@executable_path/Frameworks",
					"@loader_path/Frameworks",
				);
				PRODUCT_BUNDLE_IDENTIFIER = com.pcalcagnino.MarvelUIUITests;
				PRODUCT_NAME = "$(TARGET_NAME)";
				SWIFT_VERSION = 5.0;
				TARGETED_DEVICE_FAMILY = "1,2";
				TEST_TARGET_NAME = MarvelUI;
			};
			name = Release;
		};
/* End XCBuildConfiguration section */

/* Begin XCConfigurationList section */
		6B68FDF5261F4E0600FAACA0 /* Build configuration list for PBXProject "MarvelUI" */ = {
			isa = XCConfigurationList;
			buildConfigurations = (
				6B68FE1D261F4E0900FAACA0 /* Debug */,
				6B68FE1E261F4E0900FAACA0 /* Release */,
			);
			defaultConfigurationIsVisible = 0;
			defaultConfigurationName = Release;
		};
		6B68FE1F261F4E0900FAACA0 /* Build configuration list for PBXNativeTarget "MarvelUI" */ = {
			isa = XCConfigurationList;
			buildConfigurations = (
				6B68FE20261F4E0900FAACA0 /* Debug */,
				6B68FE21261F4E0900FAACA0 /* Release */,
			);
			defaultConfigurationIsVisible = 0;
			defaultConfigurationName = Release;
		};
		6B68FE22261F4E0900FAACA0 /* Build configuration list for PBXNativeTarget "MarvelUITests" */ = {
			isa = XCConfigurationList;
			buildConfigurations = (
				6B68FE23261F4E0900FAACA0 /* Debug */,
				6B68FE24261F4E0900FAACA0 /* Release */,
			);
			defaultConfigurationIsVisible = 0;
			defaultConfigurationName = Release;
		};
		6B68FE25261F4E0900FAACA0 /* Build configuration list for PBXNativeTarget "MarvelUIUITests" */ = {
			isa = XCConfigurationList;
			buildConfigurations = (
				6B68FE26261F4E0900FAACA0 /* Debug */,
				6B68FE27261F4E0900FAACA0 /* Release */,
			);
			defaultConfigurationIsVisible = 0;
			defaultConfigurationName = Release;
		};
/* End XCConfigurationList section */
	};
	rootObject = 6B68FDF2261F4E0600FAACA0 /* Project object */;
}
